
Microsoft Visual Studio Solution File, Format Version 12.00
# Visual Studio 15
VisualStudioVersion = 15.0.27703.1
MinimumVisualStudioVersion = 10.0.40219.1
Project("{FAE04EC0-301F-11D3-BF4B-00C04F79EFBC}") = "TextAnalyser", "TextAnalyser\TextAnalyser.csproj", "{7900035A-6B9F-4B07-84E0-71B5134406BD}"
EndProject
Project("{FAE04EC0-301F-11D3-BF4B-00C04F79EFBC}") = "StemmerWrap", "StemmerWrap\StemmerWrap.csproj", "{26E30226-560C-49A0-950D-1557968D5FFD}"
EndProject
Project("{FAE04EC0-301F-11D3-BF4B-00C04F79EFBC}") = "TextAnalyserTests", "TextAnalyserTests\TextAnalyserTests.csproj", "{C869D68A-C860-422A-8365-F747623FD01B}"
EndProject
Project("{FAE04EC0-301F-11D3-BF4B-00C04F79EFBC}") = "TextCategoryEvaluatorGui", "TextCategoryEvaluatorGui\TextCategoryEvaluatorGui.csproj", "{86FBD987-0C65-40C3-A839-E6F7C17947B9}"
EndProject
Project("{2150E333-8FDC-42A3-9474-1A3956D46DE8}") = "Tests", "Tests", "{AE30F721-414C-4BF5-8E9D-952DA8EB6F43}"
EndProject
Project("{FAE04EC0-301F-11D3-BF4B-00C04F79EFBC}") = "Stemmer", "Stemmer\Stemmer.csproj", "{A262CD9C-B487-4A71-8964-D7E5E6D1DA1E}"
EndProject
Project("{2150E333-8FDC-42A3-9474-1A3956D46DE8}") = "Utilites", "Utilites", "{6C01E9C1-DB51-4499-9B40-B3349FBFF615}"
EndProject
Project("{FAE04EC0-301F-11D3-BF4B-00C04F79EFBC}") = "PdfTextExtractor", "PdfTextExtractor\PdfTextExtractor.csproj", "{F69714B8-48EB-415A-8614-96D237269729}"
EndProject
Project("{FAE04EC0-301F-11D3-BF4B-00C04F79EFBC}") = "WordTextExtractor", "WordTextExtractor\WordTextExtractor.csproj", "{8367CAD2-E067-4269-A4DE-C78F5EC8768A}"
EndProject
Project("{FAE04EC0-301F-11D3-BF4B-00C04F79EFBC}") = "DataAggregator", "DataAggregator\DataAggregator.csproj", "{0F8AFDE6-D3EE-4EA3-BF75-43F2684A8B7C}"
EndProject
Project("{FAE04EC0-301F-11D3-BF4B-00C04F79EFBC}") = "GeorgianLanguageClasses", "..\..\GeorgianRhyme\GeorgianLanguageClasses\GeorgianLanguageClasses.csproj", "{A7F77740-7B67-43F9-B1D5-F3CBA4644F3D}"
EndProject
Project("{FAE04EC0-301F-11D3-BF4B-00C04F79EFBC}") = "GeorgianLanguageClassesTests", "..\..\GeorgianRhyme\GeorgianLanguageClassesTests\GeorgianLanguageClassesTests.csproj", "{034C5A75-8CC1-4BF5-B3A5-76F80D568359}"
EndProject
Global
	GlobalSection(SolutionConfigurationPlatforms) = preSolution
		Debug|Any CPU = Debug|Any CPU
		Debug|x86 = Debug|x86
		Release|Any CPU = Release|Any CPU
		Release|x86 = Release|x86
	EndGlobalSection
	GlobalSection(ProjectConfigurationPlatforms) = postSolution
		{7900035A-6B9F-4B07-84E0-71B5134406BD}.Debug|Any CPU.ActiveCfg = Debug|Any CPU
		{7900035A-6B9F-4B07-84E0-71B5134406BD}.Debug|Any CPU.Build.0 = Debug|Any CPU
		{7900035A-6B9F-4B07-84E0-71B5134406BD}.Debug|x86.ActiveCfg = Debug|Any CPU
		{7900035A-6B9F-4B07-84E0-71B5134406BD}.Debug|x86.Build.0 = Debug|Any CPU
		{7900035A-6B9F-4B07-84E0-71B5134406BD}.Release|Any CPU.ActiveCfg = Release|Any CPU
		{7900035A-6B9F-4B07-84E0-71B5134406BD}.Release|Any CPU.Build.0 = Release|Any CPU
		{7900035A-6B9F-4B07-84E0-71B5134406BD}.Release|x86.ActiveCfg = Release|Any CPU
		{7900035A-6B9F-4B07-84E0-71B5134406BD}.Release|x86.Build.0 = Release|Any CPU
		{26E30226-560C-49A0-950D-1557968D5FFD}.Debug|Any CPU.ActiveCfg = Debug|Any CPU
		{26E30226-560C-49A0-950D-1557968D5FFD}.Debug|Any CPU.Build.0 = Debug|Any CPU
		{26E30226-560C-49A0-950D-1557968D5FFD}.Debug|x86.ActiveCfg = Debug|Any CPU
		{26E30226-560C-49A0-950D-1557968D5FFD}.Debug|x86.Build.0 = Debug|Any CPU
		{26E30226-560C-49A0-950D-1557968D5FFD}.Release|Any CPU.ActiveCfg = Release|Any CPU
		{26E30226-560C-49A0-950D-1557968D5FFD}.Release|Any CPU.Build.0 = Release|Any CPU
		{26E30226-560C-49A0-950D-1557968D5FFD}.Release|x86.ActiveCfg = Release|Any CPU
		{26E30226-560C-49A0-950D-1557968D5FFD}.Release|x86.Build.0 = Release|Any CPU
		{C869D68A-C860-422A-8365-F747623FD01B}.Debug|Any CPU.ActiveCfg = Debug|Any CPU
		{C869D68A-C860-422A-8365-F747623FD01B}.Debug|Any CPU.Build.0 = Debug|Any CPU
		{C869D68A-C860-422A-8365-F747623FD01B}.Debug|x86.ActiveCfg = Debug|Any CPU
		{C869D68A-C860-422A-8365-F747623FD01B}.Debug|x86.Build.0 = Debug|Any CPU
		{C869D68A-C860-422A-8365-F747623FD01B}.Release|Any CPU.ActiveCfg = Release|Any CPU
		{C869D68A-C860-422A-8365-F747623FD01B}.Release|Any CPU.Build.0 = Release|Any CPU
		{C869D68A-C860-422A-8365-F747623FD01B}.Release|x86.ActiveCfg = Release|Any CPU
		{C869D68A-C860-422A-8365-F747623FD01B}.Release|x86.Build.0 = Release|Any CPU
		{86FBD987-0C65-40C3-A839-E6F7C17947B9}.Debug|Any CPU.ActiveCfg = Debug|Any CPU
		{86FBD987-0C65-40C3-A839-E6F7C17947B9}.Debug|Any CPU.Build.0 = Debug|Any CPU
		{86FBD987-0C65-40C3-A839-E6F7C17947B9}.Debug|x86.ActiveCfg = Debug|Any CPU
		{86FBD987-0C65-40C3-A839-E6F7C17947B9}.Debug|x86.Build.0 = Debug|Any CPU
		{86FBD987-0C65-40C3-A839-E6F7C17947B9}.Release|Any CPU.ActiveCfg = Release|Any CPU
		{86FBD987-0C65-40C3-A839-E6F7C17947B9}.Release|Any CPU.Build.0 = Release|Any CPU
		{86FBD987-0C65-40C3-A839-E6F7C17947B9}.Release|x86.ActiveCfg = Release|Any CPU
		{86FBD987-0C65-40C3-A839-E6F7C17947B9}.Release|x86.Build.0 = Release|Any CPU
		{A262CD9C-B487-4A71-8964-D7E5E6D1DA1E}.Debug|Any CPU.ActiveCfg = Debug|Any CPU
		{A262CD9C-B487-4A71-8964-D7E5E6D1DA1E}.Debug|Any CPU.Build.0 = Debug|Any CPU
		{A262CD9C-B487-4A71-8964-D7E5E6D1DA1E}.Debug|x86.ActiveCfg = Debug|Any CPU
		{A262CD9C-B487-4A71-8964-D7E5E6D1DA1E}.Debug|x86.Build.0 = Debug|Any CPU
		{A262CD9C-B487-4A71-8964-D7E5E6D1DA1E}.Release|Any CPU.ActiveCfg = Release|Any CPU
		{A262CD9C-B487-4A71-8964-D7E5E6D1DA1E}.Release|Any CPU.Build.0 = Release|Any CPU
		{A262CD9C-B487-4A71-8964-D7E5E6D1DA1E}.Release|x86.ActiveCfg = Release|Any CPU
		{A262CD9C-B487-4A71-8964-D7E5E6D1DA1E}.Release|x86.Build.0 = Release|Any CPU
		{F69714B8-48EB-415A-8614-96D237269729}.Debug|Any CPU.ActiveCfg = Debug|Any CPU
		{F69714B8-48EB-415A-8614-96D237269729}.Debug|Any CPU.Build.0 = Debug|Any CPU
		{F69714B8-48EB-415A-8614-96D237269729}.Debug|x86.ActiveCfg = Debug|Any CPU
		{F69714B8-48EB-415A-8614-96D237269729}.Debug|x86.Build.0 = Debug|Any CPU
		{F69714B8-48EB-415A-8614-96D237269729}.Release|Any CPU.ActiveCfg = Release|Any CPU
		{F69714B8-48EB-415A-8614-96D237269729}.Release|Any CPU.Build.0 = Release|Any CPU
		{F69714B8-48EB-415A-8614-96D237269729}.Release|x86.ActiveCfg = Release|Any CPU
		{F69714B8-48EB-415A-8614-96D237269729}.Release|x86.Build.0 = Release|Any CPU
		{8367CAD2-E067-4269-A4DE-C78F5EC8768A}.Debug|Any CPU.ActiveCfg = Debug|Any CPU
		{8367CAD2-E067-4269-A4DE-C78F5EC8768A}.Debug|Any CPU.Build.0 = Debug|Any CPU
		{8367CAD2-E067-4269-A4DE-C78F5EC8768A}.Debug|x86.ActiveCfg = Debug|Any CPU
		{8367CAD2-E067-4269-A4DE-C78F5EC8768A}.Debug|x86.Build.0 = Debug|Any CPU
		{8367CAD2-E067-4269-A4DE-C78F5EC8768A}.Release|Any CPU.ActiveCfg = Release|Any CPU
		{8367CAD2-E067-4269-A4DE-C78F5EC8768A}.Release|Any CPU.Build.0 = Release|Any CPU
		{8367CAD2-E067-4269-A4DE-C78F5EC8768A}.Release|x86.ActiveCfg = Release|Any CPU
		{8367CAD2-E067-4269-A4DE-C78F5EC8768A}.Release|x86.Build.0 = Release|Any CPU
		{0F8AFDE6-D3EE-4EA3-BF75-43F2684A8B7C}.Debug|Any CPU.ActiveCfg = Debug|Any CPU
		{0F8AFDE6-D3EE-4EA3-BF75-43F2684A8B7C}.Debug|Any CPU.Build.0 = Debug|Any CPU
		{0F8AFDE6-D3EE-4EA3-BF75-43F2684A8B7C}.Debug|x86.ActiveCfg = Debug|Any CPU
		{0F8AFDE6-D3EE-4EA3-BF75-43F2684A8B7C}.Debug|x86.Build.0 = Debug|Any CPU
		{0F8AFDE6-D3EE-4EA3-BF75-43F2684A8B7C}.Release|Any CPU.ActiveCfg = Release|Any CPU
		{0F8AFDE6-D3EE-4EA3-BF75-43F2684A8B7C}.Release|Any CPU.Build.0 = Release|Any CPU
		{0F8AFDE6-D3EE-4EA3-BF75-43F2684A8B7C}.Release|x86.ActiveCfg = Release|Any CPU
		{0F8AFDE6-D3EE-4EA3-BF75-43F2684A8B7C}.Release|x86.Build.0 = Release|Any CPU
		{A7F77740-7B67-43F9-B1D5-F3CBA4644F3D}.Debug|Any CPU.ActiveCfg = Debug|Any CPU
		{A7F77740-7B67-43F9-B1D5-F3CBA4644F3D}.Debug|Any CPU.Build.0 = Debug|Any CPU
		{A7F77740-7B67-43F9-B1D5-F3CBA4644F3D}.Debug|x86.ActiveCfg = Debug|Any CPU
		{A7F77740-7B67-43F9-B1D5-F3CBA4644F3D}.Debug|x86.Build.0 = Debug|Any CPU
		{A7F77740-7B67-43F9-B1D5-F3CBA4644F3D}.Release|Any CPU.ActiveCfg = Release|Any CPU
		{A7F77740-7B67-43F9-B1D5-F3CBA4644F3D}.Release|Any CPU.Build.0 = Release|Any CPU
		{A7F77740-7B67-43F9-B1D5-F3CBA4644F3D}.Release|x86.ActiveCfg = Release|Any CPU
		{A7F77740-7B67-43F9-B1D5-F3CBA4644F3D}.Release|x86.Build.0 = Release|Any CPU
		{034C5A75-8CC1-4BF5-B3A5-76F80D568359}.Debug|Any CPU.ActiveCfg = Debug|Any CPU
		{034C5A75-8CC1-4BF5-B3A5-76F80D568359}.Debug|Any CPU.Build.0 = Debug|Any CPU
		{034C5A75-8CC1-4BF5-B3A5-76F80D568359}.Debug|x86.ActiveCfg = Debug|Any CPU
		{034C5A75-8CC1-4BF5-B3A5-76F80D568359}.Debug|x86.Build.0 = Debug|Any CPU
		{034C5A75-8CC1-4BF5-B3A5-76F80D568359}.Release|Any CPU.ActiveCfg = Release|Any CPU
		{034C5A75-8CC1-4BF5-B3A5-76F80D568359}.Release|Any CPU.Build.0 = Release|Any CPU
		{034C5A75-8CC1-4BF5-B3A5-76F80D568359}.Release|x86.ActiveCfg = Release|Any CPU
		{034C5A75-8CC1-4BF5-B3A5-76F80D568359}.Release|x86.Build.0 = Release|Any CPU
	EndGlobalSection
	GlobalSection(SolutionProperties) = preSolution
		HideSolutionNode = FALSE
	EndGlobalSection
	GlobalSection(NestedProjects) = preSolution
		{C869D68A-C860-422A-8365-F747623FD01B} = {AE30F721-414C-4BF5-8E9D-952DA8EB6F43}
		{F69714B8-48EB-415A-8614-96D237269729} = {6C01E9C1-DB51-4499-9B40-B3349FBFF615}
		{8367CAD2-E067-4269-A4DE-C78F5EC8768A} = {6C01E9C1-DB51-4499-9B40-B3349FBFF615}
		{A7F77740-7B67-43F9-B1D5-F3CBA4644F3D} = {6C01E9C1-DB51-4499-9B40-B3349FBFF615}
		{034C5A75-8CC1-4BF5-B3A5-76F80D568359} = {6C01E9C1-DB51-4499-9B40-B3349FBFF615}
	EndGlobalSection
	GlobalSection(ExtensibilityGlobals) = postSolution
		SolutionGuid = {9C08206B-C427-4C07-A4F3-0A58CA9D1215}
	EndGlobalSection
EndGlobal
